// !$*UTF8*$!
{
	archiveVersion = 1;
	classes = {
	};
	objectVersion = 55;
	objects = {

/* Begin PBXBuildFile section */
		4E01D75D27A0D5EC00065787 /* OnGoingTasksViewController.swift in Sources */ = {isa = PBXBuildFile; fileRef = 4E01D75C27A0D5EC00065787 /* OnGoingTasksViewController.swift */; };
		4E01D75F27A0D61B00065787 /* TasksHistoryViewController.swift in Sources */ = {isa = PBXBuildFile; fileRef = 4E01D75E27A0D61B00065787 /* TasksHistoryViewController.swift */; };
		4E01D76127A0E7BD00065787 /* NewTaskViewController.swift in Sources */ = {isa = PBXBuildFile; fileRef = 4E01D76027A0E7BD00065787 /* NewTaskViewController.swift */; };
		4E291A2F27A11B0700DBF09D /* GoogleService-Info.plist in Resources */ = {isa = PBXBuildFile; fileRef = 4E291A2E27A11B0700DBF09D /* GoogleService-Info.plist */; };
		4E291A3127A11D1900DBF09D /* Task.swift in Sources */ = {isa = PBXBuildFile; fileRef = 4E291A3027A11D1900DBF09D /* Task.swift */; };
		4E291A3427A1234E00DBF09D /* DatabaseManager.swift in Sources */ = {isa = PBXBuildFile; fileRef = 4E291A3327A1234E00DBF09D /* DatabaseManager.swift */; };
		4E291A3627A1274000DBF09D /* FirebaseReference.swift in Sources */ = {isa = PBXBuildFile; fileRef = 4E291A3527A1274000DBF09D /* FirebaseReference.swift */; };
		4E291A3827A19E7800DBF09D /* OnGoingTaskTableViewCell.swift in Sources */ = {isa = PBXBuildFile; fileRef = 4E291A3727A19E7800DBF09D /* OnGoingTaskTableViewCell.swift */; };
		4E7E1775279F4A4200358EE1 /* AppDelegate.swift in Sources */ = {isa = PBXBuildFile; fileRef = 4E7E1774279F4A4200358EE1 /* AppDelegate.swift */; };
		4E7E1777279F4A4200358EE1 /* SceneDelegate.swift in Sources */ = {isa = PBXBuildFile; fileRef = 4E7E1776279F4A4200358EE1 /* SceneDelegate.swift */; };
		4E7E177C279F4A4200358EE1 /* Main.storyboard in Resources */ = {isa = PBXBuildFile; fileRef = 4E7E177A279F4A4200358EE1 /* Main.storyboard */; };
		4E7E177E279F4A4B00358EE1 /* Assets.xcassets in Resources */ = {isa = PBXBuildFile; fileRef = 4E7E177D279F4A4B00358EE1 /* Assets.xcassets */; };
		4E7E1781279F4A4B00358EE1 /* LaunchScreen.storyboard in Resources */ = {isa = PBXBuildFile; fileRef = 4E7E177F279F4A4B00358EE1 /* LaunchScreen.storyboard */; };
		4EA091B427A2507C008866E9 /* TasksHistoryTableViewCell.swift in Sources */ = {isa = PBXBuildFile; fileRef = 4EA091B327A2507C008866E9 /* TasksHistoryTableViewCell.swift */; };
		4EA091B627A26378008866E9 /* Animations.swift in Sources */ = {isa = PBXBuildFile; fileRef = 4EA091B527A26377008866E9 /* Animations.swift */; };
		4EA091B827A27FC8008866E9 /* TaskDetailViewController.swift in Sources */ = {isa = PBXBuildFile; fileRef = 4EA091B727A27FC8008866E9 /* TaskDetailViewController.swift */; };
		4EA091BA27A32949008866E9 /* CalendarView.swift in Sources */ = {isa = PBXBuildFile; fileRef = 4EA091B927A32949008866E9 /* CalendarView.swift */; };
		4EA091BC27A3435D008866E9 /* CalendarViewDelegate.swift in Sources */ = {isa = PBXBuildFile; fileRef = 4EA091BB27A3435D008866E9 /* CalendarViewDelegate.swift */; };
		4EA091BF27A35262008866E9 /* DateExtension.swift in Sources */ = {isa = PBXBuildFile; fileRef = 4EA091BE27A35262008866E9 /* DateExtension.swift */; };
		4EA091C127A38990008866E9 /* EditTaskViewController.swift in Sources */ = {isa = PBXBuildFile; fileRef = 4EA091C027A38990008866E9 /* EditTaskViewController.swift */; };
		4EA091C327A39F5E008866E9 /* EditTaskDelegate.swift in Sources */ = {isa = PBXBuildFile; fileRef = 4EA091C227A39F5E008866E9 /* EditTaskDelegate.swift */; };
		D0BF827FC21EDA8F9A38CD10 /* Pods_StuToDo_Alpha.framework in Frameworks */ = {isa = PBXBuildFile; fileRef = 35084B1DDBAA14A36E2D3CF6 /* Pods_StuToDo_Alpha.framework */; };
/* End PBXBuildFile section */

/* Begin PBXFileReference section */
		1D4CD93A5B8E37B1E4E7C60E /* Pods-StuToDo_Alpha.debug.xcconfig */ = {isa = PBXFileReference; includeInIndex = 1; lastKnownFileType = text.xcconfig; name = "Pods-StuToDo_Alpha.debug.xcconfig"; path = "Target Support Files/Pods-StuToDo_Alpha/Pods-StuToDo_Alpha.debug.xcconfig"; sourceTree = "<group>"; };
		35084B1DDBAA14A36E2D3CF6 /* Pods_StuToDo_Alpha.framework */ = {isa = PBXFileReference; explicitFileType = wrapper.framework; includeInIndex = 0; path = Pods_StuToDo_Alpha.framework; sourceTree = BUILT_PRODUCTS_DIR; };
		4E01D75C27A0D5EC00065787 /* OnGoingTasksViewController.swift */ = {isa = PBXFileReference; lastKnownFileType = sourcecode.swift; path = OnGoingTasksViewController.swift; sourceTree = "<group>"; };
		4E01D75E27A0D61B00065787 /* TasksHistoryViewController.swift */ = {isa = PBXFileReference; lastKnownFileType = sourcecode.swift; path = TasksHistoryViewController.swift; sourceTree = "<group>"; };
		4E01D76027A0E7BD00065787 /* NewTaskViewController.swift */ = {isa = PBXFileReference; lastKnownFileType = sourcecode.swift; path = NewTaskViewController.swift; sourceTree = "<group>"; };
		4E291A2E27A11B0700DBF09D /* GoogleService-Info.plist */ = {isa = PBXFileReference; fileEncoding = 4; lastKnownFileType = text.plist.xml; path = "GoogleService-Info.plist"; sourceTree = "<group>"; };
		4E291A3027A11D1900DBF09D /* Task.swift */ = {isa = PBXFileReference; lastKnownFileType = sourcecode.swift; path = Task.swift; sourceTree = "<group>"; };
		4E291A3327A1234E00DBF09D /* DatabaseManager.swift */ = {isa = PBXFileReference; lastKnownFileType = sourcecode.swift; path = DatabaseManager.swift; sourceTree = "<group>"; };
		4E291A3527A1274000DBF09D /* FirebaseReference.swift */ = {isa = PBXFileReference; lastKnownFileType = sourcecode.swift; path = FirebaseReference.swift; sourceTree = "<group>"; };
		4E291A3727A19E7800DBF09D /* OnGoingTaskTableViewCell.swift */ = {isa = PBXFileReference; lastKnownFileType = sourcecode.swift; path = OnGoingTaskTableViewCell.swift; sourceTree = "<group>"; };
		4E7E1771279F4A4200358EE1 /* StuToDo_Alpha.app */ = {isa = PBXFileReference; explicitFileType = wrapper.application; includeInIndex = 0; path = StuToDo_Alpha.app; sourceTree = BUILT_PRODUCTS_DIR; };
		4E7E1774279F4A4200358EE1 /* AppDelegate.swift */ = {isa = PBXFileReference; lastKnownFileType = sourcecode.swift; path = AppDelegate.swift; sourceTree = "<group>"; };
		4E7E1776279F4A4200358EE1 /* SceneDelegate.swift */ = {isa = PBXFileReference; lastKnownFileType = sourcecode.swift; path = SceneDelegate.swift; sourceTree = "<group>"; };
		4E7E177B279F4A4200358EE1 /* Base */ = {isa = PBXFileReference; lastKnownFileType = file.storyboard; name = Base; path = Base.lproj/Main.storyboard; sourceTree = "<group>"; };
		4E7E177D279F4A4B00358EE1 /* Assets.xcassets */ = {isa = PBXFileReference; lastKnownFileType = folder.assetcatalog; path = Assets.xcassets; sourceTree = "<group>"; };
		4E7E1780279F4A4B00358EE1 /* Base */ = {isa = PBXFileReference; lastKnownFileType = file.storyboard; name = Base; path = Base.lproj/LaunchScreen.storyboard; sourceTree = "<group>"; };
		4E7E1782279F4A4B00358EE1 /* Info.plist */ = {isa = PBXFileReference; lastKnownFileType = text.plist.xml; path = Info.plist; sourceTree = "<group>"; };
		4EA091B327A2507C008866E9 /* TasksHistoryTableViewCell.swift */ = {isa = PBXFileReference; lastKnownFileType = sourcecode.swift; path = TasksHistoryTableViewCell.swift; sourceTree = "<group>"; };
		4EA091B527A26377008866E9 /* Animations.swift */ = {isa = PBXFileReference; lastKnownFileType = sourcecode.swift; path = Animations.swift; sourceTree = "<group>"; };
		4EA091B727A27FC8008866E9 /* TaskDetailViewController.swift */ = {isa = PBXFileReference; lastKnownFileType = sourcecode.swift; path = TaskDetailViewController.swift; sourceTree = "<group>"; };
		4EA091B927A32949008866E9 /* CalendarView.swift */ = {isa = PBXFileReference; lastKnownFileType = sourcecode.swift; path = CalendarView.swift; sourceTree = "<group>"; };
		4EA091BB27A3435D008866E9 /* CalendarViewDelegate.swift */ = {isa = PBXFileReference; lastKnownFileType = sourcecode.swift; path = CalendarViewDelegate.swift; sourceTree = "<group>"; };
		4EA091BE27A35262008866E9 /* DateExtension.swift */ = {isa = PBXFileReference; lastKnownFileType = sourcecode.swift; path = DateExtension.swift; sourceTree = "<group>"; };
		4EA091C027A38990008866E9 /* EditTaskViewController.swift */ = {isa = PBXFileReference; lastKnownFileType = sourcecode.swift; path = EditTaskViewController.swift; sourceTree = "<group>"; };
		4EA091C227A39F5E008866E9 /* EditTaskDelegate.swift */ = {isa = PBXFileReference; lastKnownFileType = sourcecode.swift; path = EditTaskDelegate.swift; sourceTree = "<group>"; };
		5AE6F4A11792FA5871738601 /* Pods-StuToDo_Alpha.release.xcconfig */ = {isa = PBXFileReference; includeInIndex = 1; lastKnownFileType = text.xcconfig; name = "Pods-StuToDo_Alpha.release.xcconfig"; path = "Target Support Files/Pods-StuToDo_Alpha/Pods-StuToDo_Alpha.release.xcconfig"; sourceTree = "<group>"; };
/* End PBXFileReference section */

/* Begin PBXFrameworksBuildPhase section */
		4E7E176E279F4A4100358EE1 /* Frameworks */ = {
			isa = PBXFrameworksBuildPhase;
			buildActionMask = 2147483647;
			files = (
				D0BF827FC21EDA8F9A38CD10 /* Pods_StuToDo_Alpha.framework in Frameworks */,
			);
			runOnlyForDeploymentPostprocessing = 0;
		};
/* End PBXFrameworksBuildPhase section */

/* Begin PBXGroup section */
		33B5BAA77464666072C8E787 /* Pods */ = {
			isa = PBXGroup;
			children = (
				1D4CD93A5B8E37B1E4E7C60E /* Pods-StuToDo_Alpha.debug.xcconfig */,
				5AE6F4A11792FA5871738601 /* Pods-StuToDo_Alpha.release.xcconfig */,
			);
			path = Pods;
			sourceTree = "<group>";
		};
		4E01D759279FCF2600065787 /* Controller */ = {
			isa = PBXGroup;
			children = (
				4E01D75C27A0D5EC00065787 /* OnGoingTasksViewController.swift */,
				4E01D75E27A0D61B00065787 /* TasksHistoryViewController.swift */,
				4E01D76027A0E7BD00065787 /* NewTaskViewController.swift */,
				4EA091B727A27FC8008866E9 /* TaskDetailViewController.swift */,
				4EA091C027A38990008866E9 /* EditTaskViewController.swift */,
			);
			path = Controller;
			sourceTree = "<group>";
		};
		4E01D75A279FCF2C00065787 /* View */ = {
			isa = PBXGroup;
			children = (
				4E7E177A279F4A4200358EE1 /* Main.storyboard */,
				4E7E177F279F4A4B00358EE1 /* LaunchScreen.storyboard */,
				4E291A3727A19E7800DBF09D /* OnGoingTaskTableViewCell.swift */,
				4EA091B327A2507C008866E9 /* TasksHistoryTableViewCell.swift */,
				4EA091B927A32949008866E9 /* CalendarView.swift */,
			);
			path = View;
			sourceTree = "<group>";
		};
		4E01D75B279FCF3100065787 /* Model */ = {
			isa = PBXGroup;
			children = (
				4E7E1774279F4A4200358EE1 /* AppDelegate.swift */,
				4E7E1776279F4A4200358EE1 /* SceneDelegate.swift */,
				4E291A3027A11D1900DBF09D /* Task.swift */,
				4EA091BB27A3435D008866E9 /* CalendarViewDelegate.swift */,
				4EA091C227A39F5E008866E9 /* EditTaskDelegate.swift */,
			);
			path = Model;
			sourceTree = "<group>";
		};
		4E291A3227A122F800DBF09D /* Service */ = {
			isa = PBXGroup;
			children = (
				4E291A3327A1234E00DBF09D /* DatabaseManager.swift */,
				4E291A3527A1274000DBF09D /* FirebaseReference.swift */,
			);
			path = Service;
			sourceTree = "<group>";
		};
		4E7E1768279F4A4100358EE1 = {
			isa = PBXGroup;
			children = (
				4E7E1773279F4A4200358EE1 /* StuToDo_Alpha */,
				4E7E1772279F4A4200358EE1 /* Products */,
				33B5BAA77464666072C8E787 /* Pods */,
				799D8F141022732DA8583085 /* Frameworks */,
			);
			sourceTree = "<group>";
		};
		4E7E1772279F4A4200358EE1 /* Products */ = {
			isa = PBXGroup;
			children = (
				4E7E1771279F4A4200358EE1 /* StuToDo_Alpha.app */,
			);
			name = Products;
			sourceTree = "<group>";
		};
		4E7E1773279F4A4200358EE1 /* StuToDo_Alpha */ = {
			isa = PBXGroup;
			children = (
				4EA091BD27A35239008866E9 /* Extension */,
				4E291A3227A122F800DBF09D /* Service */,
				4E01D75B279FCF3100065787 /* Model */,
				4E01D75A279FCF2C00065787 /* View */,
				4E01D759279FCF2600065787 /* Controller */,
				4EA091B527A26377008866E9 /* Animations.swift */,
				4E7E177D279F4A4B00358EE1 /* Assets.xcassets */,
				4E7E1782279F4A4B00358EE1 /* Info.plist */,
				4E291A2E27A11B0700DBF09D /* GoogleService-Info.plist */,
			);
			path = StuToDo_Alpha;
			sourceTree = "<group>";
		};
		4EA091BD27A35239008866E9 /* Extension */ = {
			isa = PBXGroup;
			children = (
				4EA091BE27A35262008866E9 /* DateExtension.swift */,
			);
			path = Extension;
			sourceTree = "<group>";
		};
		799D8F141022732DA8583085 /* Frameworks */ = {
			isa = PBXGroup;
			children = (
				35084B1DDBAA14A36E2D3CF6 /* Pods_StuToDo_Alpha.framework */,
			);
			name = Frameworks;
			sourceTree = "<group>";
		};
/* End PBXGroup section */

/* Begin PBXNativeTarget section */
		4E7E1770279F4A4100358EE1 /* StuToDo_Alpha */ = {
			isa = PBXNativeTarget;
			buildConfigurationList = 4E7E1785279F4A4B00358EE1 /* Build configuration list for PBXNativeTarget "StuToDo_Alpha" */;
			buildPhases = (
				CCE9732D94A8B9435F574F93 /* [CP] Check Pods Manifest.lock */,
				4E7E176D279F4A4100358EE1 /* Sources */,
				4E7E176E279F4A4100358EE1 /* Frameworks */,
				4E7E176F279F4A4100358EE1 /* Resources */,
				82EF75DFD70FD24CBB6EAD5E /* [CP] Embed Pods Frameworks */,
			);
			buildRules = (
			);
			dependencies = (
			);
			name = StuToDo_Alpha;
			productName = StuToDo_Alpha;
			productReference = 4E7E1771279F4A4200358EE1 /* StuToDo_Alpha.app */;
			productType = "com.apple.product-type.application";
		};
/* End PBXNativeTarget section */

/* Begin PBXProject section */
		4E7E1769279F4A4100358EE1 /* Project object */ = {
			isa = PBXProject;
			attributes = {
				BuildIndependentTargetsInParallel = 1;
				LastSwiftUpdateCheck = 1300;
				LastUpgradeCheck = 1300;
				TargetAttributes = {
					4E7E1770279F4A4100358EE1 = {
						CreatedOnToolsVersion = 13.0;
					};
				};
			};
			buildConfigurationList = 4E7E176C279F4A4100358EE1 /* Build configuration list for PBXProject "StuToDo_Alpha" */;
			compatibilityVersion = "Xcode 13.0";
			developmentRegion = en;
			hasScannedForEncodings = 0;
			knownRegions = (
				en,
				Base,
			);
			mainGroup = 4E7E1768279F4A4100358EE1;
			productRefGroup = 4E7E1772279F4A4200358EE1 /* Products */;
			projectDirPath = "";
			projectRoot = "";
			targets = (
				4E7E1770279F4A4100358EE1 /* StuToDo_Alpha */,
			);
		};
/* End PBXProject section */

/* Begin PBXResourcesBuildPhase section */
		4E7E176F279F4A4100358EE1 /* Resources */ = {
			isa = PBXResourcesBuildPhase;
			buildActionMask = 2147483647;
			files = (
				4E7E1781279F4A4B00358EE1 /* LaunchScreen.storyboard in Resources */,
				4E291A2F27A11B0700DBF09D /* GoogleService-Info.plist in Resources */,
				4E7E177E279F4A4B00358EE1 /* Assets.xcassets in Resources */,
				4E7E177C279F4A4200358EE1 /* Main.storyboard in Resources */,
			);
			runOnlyForDeploymentPostprocessing = 0;
		};
/* End PBXResourcesBuildPhase section */

/* Begin PBXShellScriptBuildPhase section */
		82EF75DFD70FD24CBB6EAD5E /* [CP] Embed Pods Frameworks */ = {
			isa = PBXShellScriptBuildPhase;
			buildActionMask = 2147483647;
			files = (
			);
			inputFileListPaths = (
				"${PODS_ROOT}/Target Support Files/Pods-StuToDo_Alpha/Pods-StuToDo_Alpha-frameworks-${CONFIGURATION}-input-files.xcfilelist",
			);
			name = "[CP] Embed Pods Frameworks";
			outputFileListPaths = (
				"${PODS_ROOT}/Target Support Files/Pods-StuToDo_Alpha/Pods-StuToDo_Alpha-frameworks-${CONFIGURATION}-output-files.xcfilelist",
			);
			runOnlyForDeploymentPostprocessing = 0;
			shellPath = /bin/sh;
			shellScript = "\"${PODS_ROOT}/Target Support Files/Pods-StuToDo_Alpha/Pods-StuToDo_Alpha-frameworks.sh\"\n";
			showEnvVarsInLog = 0;
		};
		CCE9732D94A8B9435F574F93 /* [CP] Check Pods Manifest.lock */ = {
			isa = PBXShellScriptBuildPhase;
			buildActionMask = 2147483647;
			files = (
			);
			inputFileListPaths = (
			);
			inputPaths = (
				"${PODS_PODFILE_DIR_PATH}/Podfile.lock",
				"${PODS_ROOT}/Manifest.lock",
			);
			name = "[CP] Check Pods Manifest.lock";
			outputFileListPaths = (
			);
			outputPaths = (
				"$(DERIVED_FILE_DIR)/Pods-StuToDo_Alpha-checkManifestLockResult.txt",
			);
			runOnlyForDeploymentPostprocessing = 0;
			shellPath = /bin/sh;
			shellScript = "diff \"${PODS_PODFILE_DIR_PATH}/Podfile.lock\" \"${PODS_ROOT}/Manifest.lock\" > /dev/null\nif [ $? != 0 ] ; then\n    # print error to STDERR\n    echo \"error: The sandbox is not in sync with the Podfile.lock. Run 'pod install' or update your CocoaPods installation.\" >&2\n    exit 1\nfi\n# This output is used by Xcode 'outputs' to avoid re-running this script phase.\necho \"SUCCESS\" > \"${SCRIPT_OUTPUT_FILE_0}\"\n";
			showEnvVarsInLog = 0;
		};
/* End PBXShellScriptBuildPhase section */

/* Begin PBXSourcesBuildPhase section */
		4E7E176D279F4A4100358EE1 /* Sources */ = {
			isa = PBXSourcesBuildPhase;
			buildActionMask = 2147483647;
			files = (
				4E7E1775279F4A4200358EE1 /* AppDelegate.swift in Sources */,
				4EA091BF27A35262008866E9 /* DateExtension.swift in Sources */,
				4E01D76127A0E7BD00065787 /* NewTaskViewController.swift in Sources */,
				4E291A3627A1274000DBF09D /* FirebaseReference.swift in Sources */,
				4E01D75D27A0D5EC00065787 /* OnGoingTasksViewController.swift in Sources */,
				4E7E1777279F4A4200358EE1 /* SceneDelegate.swift in Sources */,
				4EA091B427A2507C008866E9 /* TasksHistoryTableViewCell.swift in Sources */,
				4EA091BA27A32949008866E9 /* CalendarView.swift in Sources */,
				4EA091C327A39F5E008866E9 /* EditTaskDelegate.swift in Sources */,
				4EA091B827A27FC8008866E9 /* TaskDetailViewController.swift in Sources */,
				4E291A3127A11D1900DBF09D /* Task.swift in Sources */,
				4E01D75F27A0D61B00065787 /* TasksHistoryViewController.swift in Sources */,
				4E291A3827A19E7800DBF09D /* OnGoingTaskTableViewCell.swift in Sources */,
				4EA091BC27A3435D008866E9 /* CalendarViewDelegate.swift in Sources */,
				4EA091B627A26378008866E9 /* Animations.swift in Sources */,
				4E291A3427A1234E00DBF09D /* DatabaseManager.swift in Sources */,
				4EA091C127A38990008866E9 /* EditTaskViewController.swift in Sources */,
			);
			runOnlyForDeploymentPostprocessing = 0;
		};
/* End PBXSourcesBuildPhase section */

/* Begin PBXVariantGroup section */
		4E7E177A279F4A4200358EE1 /* Main.storyboard */ = {
			isa = PBXVariantGroup;
			children = (
				4E7E177B279F4A4200358EE1 /* Base */,
			);
			name = Main.storyboard;
			sourceTree = "<group>";
		};
		4E7E177F279F4A4B00358EE1 /* LaunchScreen.storyboard */ = {
			isa = PBXVariantGroup;
			children = (
				4E7E1780279F4A4B00358EE1 /* Base */,
			);
			name = LaunchScreen.storyboard;
			sourceTree = "<group>";
		};
/* End PBXVariantGroup section */

/* Begin XCBuildConfiguration section */
		4E7E1783279F4A4B00358EE1 /* Debug */ = {
			isa = XCBuildConfiguration;
			buildSettings = {
				ALWAYS_SEARCH_USER_PATHS = NO;
				CLANG_ANALYZER_NONNULL = YES;
				CLANG_ANALYZER_NUMBER_OBJECT_CONVERSION = YES_AGGRESSIVE;
				CLANG_CXX_LANGUAGE_STANDARD = "gnu++17";
				CLANG_CXX_LIBRARY = "libc++";
				CLANG_ENABLE_MODULES = YES;
				CLANG_ENABLE_OBJC_ARC = YES;
				CLANG_ENABLE_OBJC_WEAK = YES;
				CLANG_WARN_BLOCK_CAPTURE_AUTORELEASING = YES;
				CLANG_WARN_BOOL_CONVERSION = YES;
				CLANG_WARN_COMMA = YES;
				CLANG_WARN_CONSTANT_CONVERSION = YES;
				CLANG_WARN_DEPRECATED_OBJC_IMPLEMENTATIONS = YES;
				CLANG_WARN_DIRECT_OBJC_ISA_USAGE = YES_ERROR;
				CLANG_WARN_DOCUMENTATION_COMMENTS = YES;
				CLANG_WARN_EMPTY_BODY = YES;
				CLANG_WARN_ENUM_CONVERSION = YES;
				CLANG_WARN_INFINITE_RECURSION = YES;
				CLANG_WARN_INT_CONVERSION = YES;
				CLANG_WARN_NON_LITERAL_NULL_CONVERSION = YES;
				CLANG_WARN_OBJC_IMPLICIT_RETAIN_SELF = YES;
				CLANG_WARN_OBJC_LITERAL_CONVERSION = YES;
				CLANG_WARN_OBJC_ROOT_CLASS = YES_ERROR;
				CLANG_WARN_QUOTED_INCLUDE_IN_FRAMEWORK_HEADER = YES;
				CLANG_WARN_RANGE_LOOP_ANALYSIS = YES;
				CLANG_WARN_STRICT_PROTOTYPES = YES;
				CLANG_WARN_SUSPICIOUS_MOVE = YES;
				CLANG_WARN_UNGUARDED_AVAILABILITY = YES_AGGRESSIVE;
				CLANG_WARN_UNREACHABLE_CODE = YES;
				CLANG_WARN__DUPLICATE_METHOD_MATCH = YES;
				COPY_PHASE_STRIP = NO;
				DEBUG_INFORMATION_FORMAT = dwarf;
				ENABLE_STRICT_OBJC_MSGSEND = YES;
				ENABLE_TESTABILITY = YES;
				GCC_C_LANGUAGE_STANDARD = gnu11;
				GCC_DYNAMIC_NO_PIC = NO;
				GCC_NO_COMMON_BLOCKS = YES;
				GCC_OPTIMIZATION_LEVEL = 0;
				GCC_PREPROCESSOR_DEFINITIONS = (
					"DEBUG=1",
					"$(inherited)",
				);
				GCC_WARN_64_TO_32_BIT_CONVERSION = YES;
				GCC_WARN_ABOUT_RETURN_TYPE = YES_ERROR;
				GCC_WARN_UNDECLARED_SELECTOR = YES;
				GCC_WARN_UNINITIALIZED_AUTOS = YES_AGGRESSIVE;
				GCC_WARN_UNUSED_FUNCTION = YES;
				GCC_WARN_UNUSED_VARIABLE = YES;
				IPHONEOS_DEPLOYMENT_TARGET = 15.0;
				MTL_ENABLE_DEBUG_INFO = INCLUDE_SOURCE;
				MTL_FAST_MATH = YES;
				ONLY_ACTIVE_ARCH = YES;
				SDKROOT = iphoneos;
				SWIFT_ACTIVE_COMPILATION_CONDITIONS = DEBUG;
				SWIFT_OPTIMIZATION_LEVEL = "-Onone";
			};
			name = Debug;
		};
		4E7E1784279F4A4B00358EE1 /* Release */ = {
			isa = XCBuildConfiguration;
			buildSettings = {
				ALWAYS_SEARCH_USER_PATHS = NO;
				CLANG_ANALYZER_NONNULL = YES;
				CLANG_ANALYZER_NUMBER_OBJECT_CONVERSION = YES_AGGRESSIVE;
				CLANG_CXX_LANGUAGE_STANDARD = "gnu++17";
				CLANG_CXX_LIBRARY = "libc++";
				CLANG_ENABLE_MODULES = YES;
				CLANG_ENABLE_OBJC_ARC = YES;
				CLANG_ENABLE_OBJC_WEAK = YES;
				CLANG_WARN_BLOCK_CAPTURE_AUTORELEASING = YES;
				CLANG_WARN_BOOL_CONVERSION = YES;
				CLANG_WARN_COMMA = YES;
				CLANG_WARN_CONSTANT_CONVERSION = YES;
				CLANG_WARN_DEPRECATED_OBJC_IMPLEMENTATIONS = YES;
				CLANG_WARN_DIRECT_OBJC_ISA_USAGE = YES_ERROR;
				CLANG_WARN_DOCUMENTATION_COMMENTS = YES;
				CLANG_WARN_EMPTY_BODY = YES;
				CLANG_WARN_ENUM_CONVERSION = YES;
				CLANG_WARN_INFINITE_RECURSION = YES;
				CLANG_WARN_INT_CONVERSION = YES;
				CLANG_WARN_NON_LITERAL_NULL_CONVERSION = YES;
				CLANG_WARN_OBJC_IMPLICIT_RETAIN_SELF = YES;
				CLANG_WARN_OBJC_LITERAL_CONVERSION = YES;
				CLANG_WARN_OBJC_ROOT_CLASS = YES_ERROR;
				CLANG_WARN_QUOTED_INCLUDE_IN_FRAMEWORK_HEADER = YES;
				CLANG_WARN_RANGE_LOOP_ANALYSIS = YES;
				CLANG_WARN_STRICT_PROTOTYPES = YES;
				CLANG_WARN_SUSPICIOUS_MOVE = YES;
				CLANG_WARN_UNGUARDED_AVAILABILITY = YES_AGGRESSIVE;
				CLANG_WARN_UNREACHABLE_CODE = YES;
				CLANG_WARN__DUPLICATE_METHOD_MATCH = YES;
				COPY_PHASE_STRIP = NO;
				DEBUG_INFORMATION_FORMAT = "dwarf-with-dsym";
				ENABLE_NS_ASSERTIONS = NO;
				ENABLE_STRICT_OBJC_MSGSEND = YES;
				GCC_C_LANGUAGE_STANDARD = gnu11;
				GCC_NO_COMMON_BLOCKS = YES;
				GCC_WARN_64_TO_32_BIT_CONVERSION = YES;
				GCC_WARN_ABOUT_RETURN_TYPE = YES_ERROR;
				GCC_WARN_UNDECLARED_SELECTOR = YES;
				GCC_WARN_UNINITIALIZED_AUTOS = YES_AGGRESSIVE;
				GCC_WARN_UNUSED_FUNCTION = YES;
				GCC_WARN_UNUSED_VARIABLE = YES;
				IPHONEOS_DEPLOYMENT_TARGET = 15.0;
				MTL_ENABLE_DEBUG_INFO = NO;
				MTL_FAST_MATH = YES;
				SDKROOT = iphoneos;
				SWIFT_COMPILATION_MODE = wholemodule;
				SWIFT_OPTIMIZATION_LEVEL = "-O";
				VALIDATE_PRODUCT = YES;
			};
			name = Release;
		};
		4E7E1786279F4A4B00358EE1 /* Debug */ = {
			isa = XCBuildConfiguration;
			baseConfigurationReference = 1D4CD93A5B8E37B1E4E7C60E /* Pods-StuToDo_Alpha.debug.xcconfig */;
			buildSettings = {
				ASSETCATALOG_COMPILER_APPICON_NAME = AppIcon;
				ASSETCATALOG_COMPILER_GLOBAL_ACCENT_COLOR_NAME = AccentColor;
				CODE_SIGN_STYLE = Automatic;
				CURRENT_PROJECT_VERSION = 1;
				DEVELOPMENT_TEAM = 4P698B33JS;
				GENERATE_INFOPLIST_FILE = YES;
				INFOPLIST_FILE = StuToDo_Alpha/Info.plist;
				INFOPLIST_KEY_UIApplicationSupportsIndirectInputEvents = YES;
				INFOPLIST_KEY_UILaunchStoryboardName = LaunchScreen;
				INFOPLIST_KEY_UIMainStoryboardFile = Main;
				INFOPLIST_KEY_UISupportedInterfaceOrientations_iPad = "UIInterfaceOrientationPortrait UIInterfaceOrientationPortraitUpsideDown UIInterfaceOrientationLandscapeLeft UIInterfaceOrientationLandscapeRight";
				INFOPLIST_KEY_UISupportedInterfaceOrientations_iPhone = "UIInterfaceOrientationPortrait UIInterfaceOrientationLandscapeLeft UIInterfaceOrientationLandscapeRight";
				LD_RUNPATH_SEARCH_PATHS = (
					"$(inherited)",
					"@executable_path/Frameworks",
				);
				MARKETING_VERSION = 1.0;
				PRODUCT_BUNDLE_IDENTIFIER = "com.FrancoisLu.StuToDo-Alpha";
				PRODUCT_NAME = "$(TARGET_NAME)";
				SWIFT_EMIT_LOC_STRINGS = YES;
				SWIFT_VERSION = 5.0;
				TARGETED_DEVICE_FAMILY = "1,2";
			};
			name = Debug;
		};
		4E7E1787279F4A4B00358EE1 /* Release */ = {
			isa = XCBuildConfiguration;
			baseConfigurationReference = 5AE6F4A11792FA5871738601 /* Pods-StuToDo_Alpha.release.xcconfig */;
			buildSettings = {
				ASSETCATALOG_COMPILER_APPICON_NAME = AppIcon;
				ASSETCATALOG_COMPILER_GLOBAL_ACCENT_COLOR_NAME = AccentColor;
				CODE_SIGN_STYLE = Automatic;
				CURRENT_PROJECT_VERSION = 1;
				DEVELOPMENT_TEAM = 4P698B33JS;
				GENERATE_INFOPLIST_FILE = YES;
				INFOPLIST_FILE = StuToDo_Alpha/Info.plist;
				INFOPLIST_KEY_UIApplicationSupportsIndirectInputEvents = YES;
				INFOPLIST_KEY_UILaunchStoryboardName = LaunchScreen;
				INFOPLIST_KEY_UIMainStoryboardFile = Main;
				INFOPLIST_KEY_UISupportedInterfaceOrientations_iPad = "UIInterfaceOrientationPortrait UIInterfaceOrientationPortraitUpsideDown UIInterfaceOrientationLandscapeLeft UIInterfaceOrientationLandscapeRight";
				INFOPLIST_KEY_UISupportedInterfaceOrientations_iPhone = "UIInterfaceOrientationPortrait UIInterfaceOrientationLandscapeLeft UIInterfaceOrientationLandscapeRight";
				LD_RUNPATH_SEARCH_PATHS = (
					"$(inherited)",
					"@executable_path/Frameworks",
				);
				MARKETING_VERSION = 1.0;
				PRODUCT_BUNDLE_IDENTIFIER = "com.FrancoisLu.StuToDo-Alpha";
				PRODUCT_NAME = "$(TARGET_NAME)";
				SWIFT_EMIT_LOC_STRINGS = YES;
				SWIFT_VERSION = 5.0;
				TARGETED_DEVICE_FAMILY = "1,2";
			};
			name = Release;
		};
/* End XCBuildConfiguration section */

/* Begin XCConfigurationList section */
		4E7E176C279F4A4100358EE1 /* Build configuration list for PBXProject "StuToDo_Alpha" */ = {
			isa = XCConfigurationList;
			buildConfigurations = (
				4E7E1783279F4A4B00358EE1 /* Debug */,
				4E7E1784279F4A4B00358EE1 /* Release */,
			);
			defaultConfigurationIsVisible = 0;
			defaultConfigurationName = Release;
		};
		4E7E1785279F4A4B00358EE1 /* Build configuration list for PBXNativeTarget "StuToDo_Alpha" */ = {
			isa = XCConfigurationList;
			buildConfigurations = (
				4E7E1786279F4A4B00358EE1 /* Debug */,
				4E7E1787279F4A4B00358EE1 /* Release */,
			);
			defaultConfigurationIsVisible = 0;
			defaultConfigurationName = Release;
		};
/* End XCConfigurationList section */
	};
	rootObject = 4E7E1769279F4A4100358EE1 /* Project object */;
}
